
Microsoft Visual Studio Solution File, Format Version 12.00
# Visual Studio 15
VisualStudioVersion = 15.0.27004.2005
MinimumVisualStudioVersion = 10.0.40219.1
Project("{9A19103F-16F7-4668-BE54-9A1E7A4F7556}") = "Frontend", "Frontend\Frontend.csproj", "{008D7BFF-C4A5-4D57-9BDB-11C6FC20FCDC}"
EndProject
Project("{9A19103F-16F7-4668-BE54-9A1E7A4F7556}") = "Backend", "Backend\Backend.csproj", "{2CEE0730-1CD3-438F-B224-008847D626F9}"
EndProject
Project("{9A19103F-16F7-4668-BE54-9A1E7A4F7556}") = "TextListener", "TextListener\TextListener.csproj", "{DDA9B1C6-0E8D-44FA-8307-7096FFC3ACAC}"
EndProject
Project("{9A19103F-16F7-4668-BE54-9A1E7A4F7556}") = "TextRankCalc", "TextRankCalc\TextRankCalc.csproj", "{3E64AE51-BC8F-4F56-B4EA-DE1940DD05B5}"
EndProject
Project("{9A19103F-16F7-4668-BE54-9A1E7A4F7556}") = "VowelConsCounter", "VowelConsCounter\VowelConsCounter.csproj", "{F8D31CD9-C766-4110-B960-D0A651C7A379}"
EndProject
Project("{9A19103F-16F7-4668-BE54-9A1E7A4F7556}") = "VowelConsRater", "VowelConsRater\VowelConsRater.csproj", "{2107B9E3-3CEA-4BBD-91FC-EDB1295AEB8C}"
EndProject
Global
	GlobalSection(SolutionConfigurationPlatforms) = preSolution
		Debug|Any CPU = Debug|Any CPU
		Release|Any CPU = Release|Any CPU
	EndGlobalSection
	GlobalSection(ProjectConfigurationPlatforms) = postSolution
		{008D7BFF-C4A5-4D57-9BDB-11C6FC20FCDC}.Debug|Any CPU.ActiveCfg = Debug|Any CPU
		{008D7BFF-C4A5-4D57-9BDB-11C6FC20FCDC}.Debug|Any CPU.Build.0 = Debug|Any CPU
		{008D7BFF-C4A5-4D57-9BDB-11C6FC20FCDC}.Release|Any CPU.ActiveCfg = Release|Any CPU
		{008D7BFF-C4A5-4D57-9BDB-11C6FC20FCDC}.Release|Any CPU.Build.0 = Release|Any CPU
		{2CEE0730-1CD3-438F-B224-008847D626F9}.Debug|Any CPU.ActiveCfg = Debug|Any CPU
		{2CEE0730-1CD3-438F-B224-008847D626F9}.Debug|Any CPU.Build.0 = Debug|Any CPU
		{2CEE0730-1CD3-438F-B224-008847D626F9}.Release|Any CPU.ActiveCfg = Release|Any CPU
		{2CEE0730-1CD3-438F-B224-008847D626F9}.Release|Any CPU.Build.0 = Release|Any CPU
		{DDA9B1C6-0E8D-44FA-8307-7096FFC3ACAC}.Debug|Any CPU.ActiveCfg = Debug|Any CPU
		{DDA9B1C6-0E8D-44FA-8307-7096FFC3ACAC}.Debug|Any CPU.Build.0 = Debug|Any CPU
		{DDA9B1C6-0E8D-44FA-8307-7096FFC3ACAC}.Release|Any CPU.ActiveCfg = Release|Any CPU
		{DDA9B1C6-0E8D-44FA-8307-7096FFC3ACAC}.Release|Any CPU.Build.0 = Release|Any CPU
		{3E64AE51-BC8F-4F56-B4EA-DE1940DD05B5}.Debug|Any CPU.ActiveCfg = Debug|Any CPU
		{3E64AE51-BC8F-4F56-B4EA-DE1940DD05B5}.Debug|Any CPU.Build.0 = Debug|Any CPU
		{3E64AE51-BC8F-4F56-B4EA-DE1940DD05B5}.Release|Any CPU.ActiveCfg = Release|Any CPU
		{3E64AE51-BC8F-4F56-B4EA-DE1940DD05B5}.Release|Any CPU.Build.0 = Release|Any CPU
		{F8D31CD9-C766-4110-B960-D0A651C7A379}.Debug|Any CPU.ActiveCfg = Debug|Any CPU
		{F8D31CD9-C766-4110-B960-D0A651C7A379}.Debug|Any CPU.Build.0 = Debug|Any CPU
		{F8D31CD9-C766-4110-B960-D0A651C7A379}.Release|Any CPU.ActiveCfg = Release|Any CPU
		{F8D31CD9-C766-4110-B960-D0A651C7A379}.Release|Any CPU.Build.0 = Release|Any CPU
		{2107B9E3-3CEA-4BBD-91FC-EDB1295AEB8C}.Debug|Any CPU.ActiveCfg = Debug|Any CPU
		{2107B9E3-3CEA-4BBD-91FC-EDB1295AEB8C}.Debug|Any CPU.Build.0 = Debug|Any CPU
		{2107B9E3-3CEA-4BBD-91FC-EDB1295AEB8C}.Release|Any CPU.ActiveCfg = Release|Any CPU
		{2107B9E3-3CEA-4BBD-91FC-EDB1295AEB8C}.Release|Any CPU.Build.0 = Release|Any CPU
	EndGlobalSection
	GlobalSection(SolutionProperties) = preSolution
		HideSolutionNode = FALSE
	EndGlobalSection
	GlobalSection(ExtensibilityGlobals) = postSolution
		SolutionGuid = {F655F658-ABA4-4EFF-98EE-B4EAF7F898AD}
	EndGlobalSection
EndGlobal
